
Microsoft Visual Studio Solution File, Format Version 12.00
# Visual Studio Version 16
VisualStudioVersion = 16.0.29613.14
MinimumVisualStudioVersion = 10.0.40219.1
Project("{9A19103F-16F7-4668-BE54-9A1E7A4F7556}") = "Shop.Common", "Shop.Common\Shop.Common.csproj", "{0F6A9B1F-C4C2-495F-9EDD-E19C922E0719}"
EndProject
Project("{2150E333-8FDC-42A3-9474-1A3956D46DE8}") = "Backend", "Backend", "{745F45C6-3336-44FA-93E9-1D106B781C4C}"
EndProject
Project("{2150E333-8FDC-42A3-9474-1A3956D46DE8}") = "Frontend", "Frontend", "{62F65E32-0FE7-4C0A-9710-AC5D58F69000}"
EndProject
Project("{2150E333-8FDC-42A3-9474-1A3956D46DE8}") = "Forms", "Forms", "{93CE3151-4144-4F0D-B11B-AE2921A53FF5}"
EndProject
Project("{2150E333-8FDC-42A3-9474-1A3956D46DE8}") = "Classic", "Classic", "{2C4E7BDB-73A4-4C09-BD21-91278F627C6C}"
EndProject
Global
	GlobalSection(SolutionConfigurationPlatforms) = preSolution
		Debug|Any CPU = Debug|Any CPU
		Debug|iPhone = Debug|iPhone
		Debug|iPhoneSimulator = Debug|iPhoneSimulator
		Release|Any CPU = Release|Any CPU
		Release|iPhone = Release|iPhone
		Release|iPhoneSimulator = Release|iPhoneSimulator
	EndGlobalSection
	GlobalSection(ProjectConfigurationPlatforms) = postSolution
		{0F6A9B1F-C4C2-495F-9EDD-E19C922E0719}.Debug|Any CPU.ActiveCfg = Debug|Any CPU
		{0F6A9B1F-C4C2-495F-9EDD-E19C922E0719}.Debug|Any CPU.Build.0 = Debug|Any CPU
		{0F6A9B1F-C4C2-495F-9EDD-E19C922E0719}.Debug|iPhone.ActiveCfg = Debug|Any CPU
		{0F6A9B1F-C4C2-495F-9EDD-E19C922E0719}.Debug|iPhone.Build.0 = Debug|Any CPU
		{0F6A9B1F-C4C2-495F-9EDD-E19C922E0719}.Debug|iPhoneSimulator.ActiveCfg = Debug|Any CPU
		{0F6A9B1F-C4C2-495F-9EDD-E19C922E0719}.Debug|iPhoneSimulator.Build.0 = Debug|Any CPU
		{0F6A9B1F-C4C2-495F-9EDD-E19C922E0719}.Release|Any CPU.ActiveCfg = Release|Any CPU
		{0F6A9B1F-C4C2-495F-9EDD-E19C922E0719}.Release|Any CPU.Build.0 = Release|Any CPU
		{0F6A9B1F-C4C2-495F-9EDD-E19C922E0719}.Release|iPhone.ActiveCfg = Release|Any CPU
		{0F6A9B1F-C4C2-495F-9EDD-E19C922E0719}.Release|iPhone.Build.0 = Release|Any CPU
		{0F6A9B1F-C4C2-495F-9EDD-E19C922E0719}.Release|iPhoneSimulator.ActiveCfg = Release|Any CPU
		{0F6A9B1F-C4C2-495F-9EDD-E19C922E0719}.Release|iPhoneSimulator.Build.0 = Release|Any CPU
	EndGlobalSection
	GlobalSection(SolutionProperties) = preSolution
		HideSolutionNode = FALSE
	EndGlobalSection
	GlobalSection(NestedProjects) = preSolution
		{93CE3151-4144-4F0D-B11B-AE2921A53FF5} = {62F65E32-0FE7-4C0A-9710-AC5D58F69000}
		{2C4E7BDB-73A4-4C09-BD21-91278F627C6C} = {62F65E32-0FE7-4C0A-9710-AC5D58F69000}
	EndGlobalSection
	GlobalSection(ExtensibilityGlobals) = postSolution
		SolutionGuid = {BF2CA4FA-86DB-4F23-831D-398CF3CC6F76}
	EndGlobalSection
EndGlobal
